
Microsoft Visual Studio Solution File, Format Version 12.00
# Visual Studio Version 17
VisualStudioVersion = 17.13.35818.85 d17.13
MinimumVisualStudioVersion = 10.0.40219.1
Project("{FAE04EC0-301F-11D3-BF4B-00C04F79EFBC}") = "Ancients", "Ancients.csproj", "{298764E4-59D3-4EC6-8A7C-34A993BFF28D}"
EndProject
Global
	GlobalSection(SolutionConfigurationPlatforms) = preSolution
		Debug|Any CPU = Debug|Any CPU
		Release|Any CPU = Release|Any CPU
	EndGlobalSection
	GlobalSection(ProjectConfigurationPlatforms) = postSolution
		{298764E4-59D3-4EC6-8A7C-34A993BFF28D}.Debug|Any CPU.ActiveCfg = Debug|Any CPU
		{298764E4-59D3-4EC6-8A7C-34A993BFF28D}.Debug|Any CPU.Build.0 = Debug|Any CPU
		{298764E4-59D3-4EC6-8A7C-34A993BFF28D}.Release|Any CPU.ActiveCfg = Release|Any CPU
		{298764E4-59D3-4EC6-8A7C-34A993BFF28D}.Release|Any CPU.Build.0 = Release|Any CPU
	EndGlobalSection
	GlobalSection(SolutionProperties) = preSolution
		HideSolutionNode = FALSE
	EndGlobalSection
	GlobalSection(ExtensibilityGlobals) = postSolution
		SolutionGuid = {E25D17B1-1BD8-4969-8658-8973C3F6906A}
	EndGlobalSection
EndGlobal
